{
  "name": "static",
  "lockfileVersion": 2,
  "requires": true,
  "packages": {
    "": {
      "dependencies": {
        "zeynepjs": "^2.1.4"
      }
    },
    "node_modules/zeynepjs": {
      "version": "2.1.4",
      "resolved": "https://registry.npmjs.org/zeynepjs/-/zeynepjs-2.1.4.tgz",
      "integrity": "sha512-xWk09csnZta2K+sPX3wcL3ZfZgQB2Ys2wBEpC34FiFgp0gEEDrFQQZTFz66yW/P0oDfRIis+lc9Z5l92pSvWjQ=="
    }
  },
  "dependencies": {
    "zeynepjs": {
      "version": "2.1.4",
      "resolved": "https://registry.npmjs.org/zeynepjs/-/zeynepjs-2.1.4.tgz",
      "integrity": "sha512-xWk09csnZta2K+sPX3wcL3ZfZgQB2Ys2wBEpC34FiFgp0gEEDrFQQZTFz66yW/P0oDfRIis+lc9Z5l92pSvWjQ=="
    }
  }
}
